
Microsoft Visual Studio Solution File, Format Version 12.00
Project("{FAE04EC0-301F-11D3-BF4B-00C04F79EFBC}") = "AdapterDesignPattern", "AdapterDesignPattern\AdapterDesignPattern.csproj", "{4FDF7376-CEA1-4194-AFE5-F22B5CB4B458}"
EndProject
Global
	GlobalSection(SolutionConfigurationPlatforms) = preSolution
		Debug|Any CPU = Debug|Any CPU
		Release|Any CPU = Release|Any CPU
	EndGlobalSection
	GlobalSection(ProjectConfigurationPlatforms) = postSolution
		{4FDF7376-CEA1-4194-AFE5-F22B5CB4B458}.Debug|Any CPU.ActiveCfg = Debug|Any CPU
		{4FDF7376-CEA1-4194-AFE5-F22B5CB4B458}.Debug|Any CPU.Build.0 = Debug|Any CPU
		{4FDF7376-CEA1-4194-AFE5-F22B5CB4B458}.Release|Any CPU.ActiveCfg = Release|Any CPU
		{4FDF7376-CEA1-4194-AFE5-F22B5CB4B458}.Release|Any CPU.Build.0 = Release|Any CPU
	EndGlobalSection
EndGlobal
